// !$*UTF8*$!
{
	archiveVersion = 1;
	classes = {
	};
	objectVersion = 50;
	objects = {

/* Begin PBXBuildFile section */
		6928CE9123A634E800E5DA94 /* UIView+LLFrame.m in Sources */ = {isa = PBXBuildFile; fileRef = 6928CE9023A634E800E5DA94 /* UIView+LLFrame.m */; };
		6928CE9423A650B500E5DA94 /* LLTextField.m in Sources */ = {isa = PBXBuildFile; fileRef = 6928CE9323A650B500E5DA94 /* LLTextField.m */; };
		69E210DE23A5EB6B0094B03E /* AppDelegate.m in Sources */ = {isa = PBXBuildFile; fileRef = 69E210DD23A5EB6B0094B03E /* AppDelegate.m */; };
		69E210E123A5EB6B0094B03E /* ViewController.m in Sources */ = {isa = PBXBuildFile; fileRef = 69E210E023A5EB6B0094B03E /* ViewController.m */; };
		69E210E423A5EB6B0094B03E /* Main.storyboard in Resources */ = {isa = PBXBuildFile; fileRef = 69E210E223A5EB6B0094B03E /* Main.storyboard */; };
		69E210E723A5EB6B0094B03E /* LLInputTextView.xcdatamodeld in Sources */ = {isa = PBXBuildFile; fileRef = 69E210E523A5EB6B0094B03E /* LLInputTextView.xcdatamodeld */; };
		69E210E923A5EB6D0094B03E /* Assets.xcassets in Resources */ = {isa = PBXBuildFile; fileRef = 69E210E823A5EB6D0094B03E /* Assets.xcassets */; };
		69E210EC23A5EB6D0094B03E /* LaunchScreen.storyboard in Resources */ = {isa = PBXBuildFile; fileRef = 69E210EA23A5EB6D0094B03E /* LaunchScreen.storyboard */; };
		69E210EF23A5EB6D0094B03E /* main.m in Sources */ = {isa = PBXBuildFile; fileRef = 69E210EE23A5EB6D0094B03E /* main.m */; };
		69E210FD23A5EC590094B03E /* LLInputTextView.m in Sources */ = {isa = PBXBuildFile; fileRef = 69E210FC23A5EC590094B03E /* LLInputTextView.m */; };
/* End PBXBuildFile section */

/* Begin PBXFileReference section */
		6928CE8F23A634E800E5DA94 /* UIView+LLFrame.h */ = {isa = PBXFileReference; lastKnownFileType = sourcecode.c.h; path = "UIView+LLFrame.h"; sourceTree = "<group>"; };
		6928CE9023A634E800E5DA94 /* UIView+LLFrame.m */ = {isa = PBXFileReference; lastKnownFileType = sourcecode.c.objc; path = "UIView+LLFrame.m"; sourceTree = "<group>"; };
		6928CE9223A650B500E5DA94 /* LLTextField.h */ = {isa = PBXFileReference; lastKnownFileType = sourcecode.c.h; path = LLTextField.h; sourceTree = "<group>"; };
		6928CE9323A650B500E5DA94 /* LLTextField.m */ = {isa = PBXFileReference; lastKnownFileType = sourcecode.c.objc; path = LLTextField.m; sourceTree = "<group>"; };
		69E210D923A5EB6B0094B03E /* LLInputTextView.app */ = {isa = PBXFileReference; explicitFileType = wrapper.application; includeInIndex = 0; path = LLInputTextView.app; sourceTree = BUILT_PRODUCTS_DIR; };
		69E210DC23A5EB6B0094B03E /* AppDelegate.h */ = {isa = PBXFileReference; lastKnownFileType = sourcecode.c.h; path = AppDelegate.h; sourceTree = "<group>"; };
		69E210DD23A5EB6B0094B03E /* AppDelegate.m */ = {isa = PBXFileReference; lastKnownFileType = sourcecode.c.objc; path = AppDelegate.m; sourceTree = "<group>"; };
		69E210DF23A5EB6B0094B03E /* ViewController.h */ = {isa = PBXFileReference; lastKnownFileType = sourcecode.c.h; path = ViewController.h; sourceTree = "<group>"; };
		69E210E023A5EB6B0094B03E /* ViewController.m */ = {isa = PBXFileReference; lastKnownFileType = sourcecode.c.objc; path = ViewController.m; sourceTree = "<group>"; };
		69E210E323A5EB6B0094B03E /* Base */ = {isa = PBXFileReference; lastKnownFileType = file.storyboard; name = Base; path = Base.lproj/Main.storyboard; sourceTree = "<group>"; };
		69E210E623A5EB6B0094B03E /* LLInputTextView.xcdatamodel */ = {isa = PBXFileReference; lastKnownFileType = wrapper.xcdatamodel; path = LLInputTextView.xcdatamodel; sourceTree = "<group>"; };
		69E210E823A5EB6D0094B03E /* Assets.xcassets */ = {isa = PBXFileReference; lastKnownFileType = folder.assetcatalog; path = Assets.xcassets; sourceTree = "<group>"; };
		69E210EB23A5EB6D0094B03E /* Base */ = {isa = PBXFileReference; lastKnownFileType = file.storyboard; name = Base; path = Base.lproj/LaunchScreen.storyboard; sourceTree = "<group>"; };
		69E210ED23A5EB6D0094B03E /* Info.plist */ = {isa = PBXFileReference; lastKnownFileType = text.plist.xml; path = Info.plist; sourceTree = "<group>"; };
		69E210EE23A5EB6D0094B03E /* main.m */ = {isa = PBXFileReference; lastKnownFileType = sourcecode.c.objc; path = main.m; sourceTree = "<group>"; };
		69E210FB23A5EC590094B03E /* LLInputTextView.h */ = {isa = PBXFileReference; lastKnownFileType = sourcecode.c.h; path = LLInputTextView.h; sourceTree = "<group>"; };
		69E210FC23A5EC590094B03E /* LLInputTextView.m */ = {isa = PBXFileReference; lastKnownFileType = sourcecode.c.objc; path = LLInputTextView.m; sourceTree = "<group>"; };
/* End PBXFileReference section */

/* Begin PBXFrameworksBuildPhase section */
		69E210D623A5EB6B0094B03E /* Frameworks */ = {
			isa = PBXFrameworksBuildPhase;
			buildActionMask = 2147483647;
			files = (
			);
			runOnlyForDeploymentPostprocessing = 0;
		};
/* End PBXFrameworksBuildPhase section */

/* Begin PBXGroup section */
		69E210D023A5EB6B0094B03E = {
			isa = PBXGroup;
			children = (
				69E210DB23A5EB6B0094B03E /* LLInputTextView */,
				69E210DA23A5EB6B0094B03E /* Products */,
			);
			sourceTree = "<group>";
		};
		69E210DA23A5EB6B0094B03E /* Products */ = {
			isa = PBXGroup;
			children = (
				69E210D923A5EB6B0094B03E /* LLInputTextView.app */,
			);
			name = Products;
			sourceTree = "<group>";
		};
		69E210DB23A5EB6B0094B03E /* LLInputTextView */ = {
			isa = PBXGroup;
			children = (
				69E210DC23A5EB6B0094B03E /* AppDelegate.h */,
				69E210DD23A5EB6B0094B03E /* AppDelegate.m */,
				69E210DF23A5EB6B0094B03E /* ViewController.h */,
				69E210E023A5EB6B0094B03E /* ViewController.m */,
				69E210E223A5EB6B0094B03E /* Main.storyboard */,
				69E210E823A5EB6D0094B03E /* Assets.xcassets */,
				69E210EA23A5EB6D0094B03E /* LaunchScreen.storyboard */,
				69E210ED23A5EB6D0094B03E /* Info.plist */,
				69E210EE23A5EB6D0094B03E /* main.m */,
				69E210E523A5EB6B0094B03E /* LLInputTextView.xcdatamodeld */,
				69E210FB23A5EC590094B03E /* LLInputTextView.h */,
				69E210FC23A5EC590094B03E /* LLInputTextView.m */,
				6928CE8F23A634E800E5DA94 /* UIView+LLFrame.h */,
				6928CE9023A634E800E5DA94 /* UIView+LLFrame.m */,
				6928CE9223A650B500E5DA94 /* LLTextField.h */,
				6928CE9323A650B500E5DA94 /* LLTextField.m */,
			);
			path = LLInputTextView;
			sourceTree = "<group>";
		};
/* End PBXGroup section */

/* Begin PBXNativeTarget section */
		69E210D823A5EB6B0094B03E /* LLInputTextView */ = {
			isa = PBXNativeTarget;
			buildConfigurationList = 69E210F223A5EB6D0094B03E /* Build configuration list for PBXNativeTarget "LLInputTextView" */;
			buildPhases = (
				69E210D523A5EB6B0094B03E /* Sources */,
				69E210D623A5EB6B0094B03E /* Frameworks */,
				69E210D723A5EB6B0094B03E /* Resources */,
			);
			buildRules = (
			);
			dependencies = (
			);
			name = LLInputTextView;
			productName = LLInputTextView;
			productReference = 69E210D923A5EB6B0094B03E /* LLInputTextView.app */;
			productType = "com.apple.product-type.application";
		};
/* End PBXNativeTarget section */

/* Begin PBXProject section */
		69E210D123A5EB6B0094B03E /* Project object */ = {
			isa = PBXProject;
			attributes = {
				LastUpgradeCheck = 1020;
				ORGANIZATIONNAME = ChangeStrong;
				TargetAttributes = {
					69E210D823A5EB6B0094B03E = {
						CreatedOnToolsVersion = 10.2.1;
					};
				};
			};
			buildConfigurationList = 69E210D423A5EB6B0094B03E /* Build configuration list for PBXProject "LLInputTextView" */;
			compatibilityVersion = "Xcode 9.3";
			developmentRegion = en;
			hasScannedForEncodings = 0;
			knownRegions = (
				en,
				Base,
			);
			mainGroup = 69E210D023A5EB6B0094B03E;
			productRefGroup = 69E210DA23A5EB6B0094B03E /* Products */;
			projectDirPath = "";
			projectRoot = "";
			targets = (
				69E210D823A5EB6B0094B03E /* LLInputTextView */,
			);
		};
/* End PBXProject section */

/* Begin PBXResourcesBuildPhase section */
		69E210D723A5EB6B0094B03E /* Resources */ = {
			isa = PBXResourcesBuildPhase;
			buildActionMask = 2147483647;
			files = (
				69E210EC23A5EB6D0094B03E /* LaunchScreen.storyboard in Resources */,
				69E210E923A5EB6D0094B03E /* Assets.xcassets in Resources */,
				69E210E423A5EB6B0094B03E /* Main.storyboard in Resources */,
			);
			runOnlyForDeploymentPostprocessing = 0;
		};
/* End PBXResourcesBuildPhase section */

/* Begin PBXSourcesBuildPhase section */
		69E210D523A5EB6B0094B03E /* Sources */ = {
			isa = PBXSourcesBuildPhase;
			buildActionMask = 2147483647;
			files = (
				69E210E123A5EB6B0094B03E /* ViewController.m in Sources */,
				69E210DE23A5EB6B0094B03E /* AppDelegate.m in Sources */,
				6928CE9423A650B500E5DA94 /* LLTextField.m in Sources */,
				6928CE9123A634E800E5DA94 /* UIView+LLFrame.m in Sources */,
				69E210FD23A5EC590094B03E /* LLInputTextView.m in Sources */,
				69E210EF23A5EB6D0094B03E /* main.m in Sources */,
				69E210E723A5EB6B0094B03E /* LLInputTextView.xcdatamodeld in Sources */,
			);
			runOnlyForDeploymentPostprocessing = 0;
		};
/* End PBXSourcesBuildPhase section */

/* Begin PBXVariantGroup section */
		69E210E223A5EB6B0094B03E /* Main.storyboard */ = {
			isa = PBXVariantGroup;
			children = (
				69E210E323A5EB6B0094B03E /* Base */,
			);
			name = Main.storyboard;
			sourceTree = "<group>";
		};
		69E210EA23A5EB6D0094B03E /* LaunchScreen.storyboard */ = {
			isa = PBXVariantGroup;
			children = (
				69E210EB23A5EB6D0094B03E /* Base */,
			);
			name = LaunchScreen.storyboard;
			sourceTree = "<group>";
		};
/* End PBXVariantGroup section */

/* Begin XCBuildConfiguration section */
		69E210F023A5EB6D0094B03E /* Debug */ = {
			isa = XCBuildConfiguration;
			buildSettings = {
				ALWAYS_SEARCH_USER_PATHS = NO;
				CLANG_ANALYZER_NONNULL = YES;
				CLANG_ANALYZER_NUMBER_OBJECT_CONVERSION = YES_AGGRESSIVE;
				CLANG_CXX_LANGUAGE_STANDARD = "gnu++14";
				CLANG_CXX_LIBRARY = "libc++";
				CLANG_ENABLE_MODULES = YES;
				CLANG_ENABLE_OBJC_ARC = YES;
				CLANG_ENABLE_OBJC_WEAK = YES;
				CLANG_WARN_BLOCK_CAPTURE_AUTORELEASING = YES;
				CLANG_WARN_BOOL_CONVERSION = YES;
				CLANG_WARN_COMMA = YES;
				CLANG_WARN_CONSTANT_CONVERSION = YES;
				CLANG_WARN_DEPRECATED_OBJC_IMPLEMENTATIONS = YES;
				CLANG_WARN_DIRECT_OBJC_ISA_USAGE = YES_ERROR;
				CLANG_WARN_DOCUMENTATION_COMMENTS = YES;
				CLANG_WARN_EMPTY_BODY = YES;
				CLANG_WARN_ENUM_CONVERSION = YES;
				CLANG_WARN_INFINITE_RECURSION = YES;
				CLANG_WARN_INT_CONVERSION = YES;
				CLANG_WARN_NON_LITERAL_NULL_CONVERSION = YES;
				CLANG_WARN_OBJC_IMPLICIT_RETAIN_SELF = YES;
				CLANG_WARN_OBJC_LITERAL_CONVERSION = YES;
				CLANG_WARN_OBJC_ROOT_CLASS = YES_ERROR;
				CLANG_WARN_RANGE_LOOP_ANALYSIS = YES;
				CLANG_WARN_STRICT_PROTOTYPES = YES;
				CLANG_WARN_SUSPICIOUS_MOVE = YES;
				CLANG_WARN_UNGUARDED_AVAILABILITY = YES_AGGRESSIVE;
				CLANG_WARN_UNREACHABLE_CODE = YES;
				CLANG_WARN__DUPLICATE_METHOD_MATCH = YES;
				CODE_SIGN_IDENTITY = "iPhone Developer";
				COPY_PHASE_STRIP = NO;
				DEBUG_INFORMATION_FORMAT = dwarf;
				ENABLE_STRICT_OBJC_MSGSEND = YES;
				ENABLE_TESTABILITY = YES;
				GCC_C_LANGUAGE_STANDARD = gnu11;
				GCC_DYNAMIC_NO_PIC = NO;
				GCC_NO_COMMON_BLOCKS = YES;
				GCC_OPTIMIZATION_LEVEL = 0;
				GCC_PREPROCESSOR_DEFINITIONS = (
					"DEBUG=1",
					"$(inherited)",
				);
				GCC_WARN_64_TO_32_BIT_CONVERSION = YES;
				GCC_WARN_ABOUT_RETURN_TYPE = YES_ERROR;
				GCC_WARN_UNDECLARED_SELECTOR = YES;
				GCC_WARN_UNINITIALIZED_AUTOS = YES_AGGRESSIVE;
				GCC_WARN_UNUSED_FUNCTION = YES;
				GCC_WARN_UNUSED_VARIABLE = YES;
				IPHONEOS_DEPLOYMENT_TARGET = 12.2;
				MTL_ENABLE_DEBUG_INFO = INCLUDE_SOURCE;
				MTL_FAST_MATH = YES;
				ONLY_ACTIVE_ARCH = YES;
				SDKROOT = iphoneos;
			};
			name = Debug;
		};
		69E210F123A5EB6D0094B03E /* Release */ = {
			isa = XCBuildConfiguration;
			buildSettings = {
				ALWAYS_SEARCH_USER_PATHS = NO;
				CLANG_ANALYZER_NONNULL = YES;
				CLANG_ANALYZER_NUMBER_OBJECT_CONVERSION = YES_AGGRESSIVE;
				CLANG_CXX_LANGUAGE_STANDARD = "gnu++14";
				CLANG_CXX_LIBRARY = "libc++";
				CLANG_ENABLE_MODULES = YES;
				CLANG_ENABLE_OBJC_ARC = YES;
				CLANG_ENABLE_OBJC_WEAK = YES;
				CLANG_WARN_BLOCK_CAPTURE_AUTORELEASING = YES;
				CLANG_WARN_BOOL_CONVERSION = YES;
				CLANG_WARN_COMMA = YES;
				CLANG_WARN_CONSTANT_CONVERSION = YES;
				CLANG_WARN_DEPRECATED_OBJC_IMPLEMENTATIONS = YES;
				CLANG_WARN_DIRECT_OBJC_ISA_USAGE = YES_ERROR;
				CLANG_WARN_DOCUMENTATION_COMMENTS = YES;
				CLANG_WARN_EMPTY_BODY = YES;
				CLANG_WARN_ENUM_CONVERSION = YES;
				CLANG_WARN_INFINITE_RECURSION = YES;
				CLANG_WARN_INT_CONVERSION = YES;
				CLANG_WARN_NON_LITERAL_NULL_CONVERSION = YES;
				CLANG_WARN_OBJC_IMPLICIT_RETAIN_SELF = YES;
				CLANG_WARN_OBJC_LITERAL_CONVERSION = YES;
				CLANG_WARN_OBJC_ROOT_CLASS = YES_ERROR;
				CLANG_WARN_RANGE_LOOP_ANALYSIS = YES;
				CLANG_WARN_STRICT_PROTOTYPES = YES;
				CLANG_WARN_SUSPICIOUS_MOVE = YES;
				CLANG_WARN_UNGUARDED_AVAILABILITY = YES_AGGRESSIVE;
				CLANG_WARN_UNREACHABLE_CODE = YES;
				CLANG_WARN__DUPLICATE_METHOD_MATCH = YES;
				CODE_SIGN_IDENTITY = "iPhone Developer";
				COPY_PHASE_STRIP = NO;
				DEBUG_INFORMATION_FORMAT = "dwarf-with-dsym";
				ENABLE_NS_ASSERTIONS = NO;
				ENABLE_STRICT_OBJC_MSGSEND = YES;
				GCC_C_LANGUAGE_STANDARD = gnu11;
				GCC_NO_COMMON_BLOCKS = YES;
				GCC_WARN_64_TO_32_BIT_CONVERSION = YES;
				GCC_WARN_ABOUT_RETURN_TYPE = YES_ERROR;
				GCC_WARN_UNDECLARED_SELECTOR = YES;
				GCC_WARN_UNINITIALIZED_AUTOS = YES_AGGRESSIVE;
				GCC_WARN_UNUSED_FUNCTION = YES;
				GCC_WARN_UNUSED_VARIABLE = YES;
				IPHONEOS_DEPLOYMENT_TARGET = 12.2;
				MTL_ENABLE_DEBUG_INFO = NO;
				MTL_FAST_MATH = YES;
				SDKROOT = iphoneos;
				VALIDATE_PRODUCT = YES;
			};
			name = Release;
		};
		69E210F323A5EB6D0094B03E /* Debug */ = {
			isa = XCBuildConfiguration;
			buildSettings = {
				ASSETCATALOG_COMPILER_APPICON_NAME = AppIcon;
				CODE_SIGN_STYLE = Automatic;
				INFOPLIST_FILE = LLInputTextView/Info.plist;
				LD_RUNPATH_SEARCH_PATHS = (
					"$(inherited)",
					"@executable_path/Frameworks",
				);
				PRODUCT_BUNDLE_IDENTIFIER = Change.Strong.LLInputTextView;
				PRODUCT_NAME = "$(TARGET_NAME)";
				TARGETED_DEVICE_FAMILY = "1,2";
			};
			name = Debug;
		};
		69E210F423A5EB6D0094B03E /* Release */ = {
			isa = XCBuildConfiguration;
			buildSettings = {
				ASSETCATALOG_COMPILER_APPICON_NAME = AppIcon;
				CODE_SIGN_STYLE = Automatic;
				INFOPLIST_FILE = LLInputTextView/Info.plist;
				LD_RUNPATH_SEARCH_PATHS = (
					"$(inherited)",
					"@executable_path/Frameworks",
				);
				PRODUCT_BUNDLE_IDENTIFIER = Change.Strong.LLInputTextView;
				PRODUCT_NAME = "$(TARGET_NAME)";
				TARGETED_DEVICE_FAMILY = "1,2";
			};
			name = Release;
		};
/* End XCBuildConfiguration section */

/* Begin XCConfigurationList section */
		69E210D423A5EB6B0094B03E /* Build configuration list for PBXProject "LLInputTextView" */ = {
			isa = XCConfigurationList;
			buildConfigurations = (
				69E210F023A5EB6D0094B03E /* Debug */,
				69E210F123A5EB6D0094B03E /* Release */,
			);
			defaultConfigurationIsVisible = 0;
			defaultConfigurationName = Release;
		};
		69E210F223A5EB6D0094B03E /* Build configuration list for PBXNativeTarget "LLInputTextView" */ = {
			isa = XCConfigurationList;
			buildConfigurations = (
				69E210F323A5EB6D0094B03E /* Debug */,
				69E210F423A5EB6D0094B03E /* Release */,
			);
			defaultConfigurationIsVisible = 0;
			defaultConfigurationName = Release;
		};
/* End XCConfigurationList section */

/* Begin XCVersionGroup section */
		69E210E523A5EB6B0094B03E /* LLInputTextView.xcdatamodeld */ = {
			isa = XCVersionGroup;
			children = (
				69E210E623A5EB6B0094B03E /* LLInputTextView.xcdatamodel */,
			);
			currentVersion = 69E210E623A5EB6B0094B03E /* LLInputTextView.xcdatamodel */;
			path = LLInputTextView.xcdatamodeld;
			sourceTree = "<group>";
			versionGroupType = wrapper.xcdatamodel;
		};
/* End XCVersionGroup section */
	};
	rootObject = 69E210D123A5EB6B0094B03E /* Project object */;
}
