// !$*UTF8*$!
{
	archiveVersion = 1;
	classes = {
	};
	objectVersion = 48;
	objects = {

/* Begin PBXBuildFile section */
		6943823920B2ABF600B6F914 /* AppDelegate.m in Sources */ = {isa = PBXBuildFile; fileRef = 6943823820B2ABF600B6F914 /* AppDelegate.m */; };
		6943823C20B2ABF600B6F914 /* ViewController.m in Sources */ = {isa = PBXBuildFile; fileRef = 6943823B20B2ABF600B6F914 /* ViewController.m */; };
		6943823F20B2ABF600B6F914 /* Main.storyboard in Resources */ = {isa = PBXBuildFile; fileRef = 6943823D20B2ABF600B6F914 /* Main.storyboard */; };
		6943824120B2ABF600B6F914 /* Assets.xcassets in Resources */ = {isa = PBXBuildFile; fileRef = 6943824020B2ABF600B6F914 /* Assets.xcassets */; };
		6943824420B2ABF600B6F914 /* LaunchScreen.storyboard in Resources */ = {isa = PBXBuildFile; fileRef = 6943824220B2ABF600B6F914 /* LaunchScreen.storyboard */; };
		6943824720B2ABF600B6F914 /* main.m in Sources */ = {isa = PBXBuildFile; fileRef = 6943824620B2ABF600B6F914 /* main.m */; };
		6943824F20B2AC2B00B6F914 /* PieChartView.m in Sources */ = {isa = PBXBuildFile; fileRef = 6943824E20B2AC2B00B6F914 /* PieChartView.m */; };
		6943825520B2B53000B6F914 /* CurveModel.m in Sources */ = {isa = PBXBuildFile; fileRef = 6943825420B2B53000B6F914 /* CurveModel.m */; };
		69B4A66320C0F4AD007D3E92 /* CommonUse.m in Sources */ = {isa = PBXBuildFile; fileRef = 69B4A66220C0F4AD007D3E92 /* CommonUse.m */; };
/* End PBXBuildFile section */

/* Begin PBXFileReference section */
		6943823420B2ABF600B6F914 /* PieChart.app */ = {isa = PBXFileReference; explicitFileType = wrapper.application; includeInIndex = 0; path = PieChart.app; sourceTree = BUILT_PRODUCTS_DIR; };
		6943823720B2ABF600B6F914 /* AppDelegate.h */ = {isa = PBXFileReference; lastKnownFileType = sourcecode.c.h; path = AppDelegate.h; sourceTree = "<group>"; };
		6943823820B2ABF600B6F914 /* AppDelegate.m */ = {isa = PBXFileReference; lastKnownFileType = sourcecode.c.objc; path = AppDelegate.m; sourceTree = "<group>"; };
		6943823A20B2ABF600B6F914 /* ViewController.h */ = {isa = PBXFileReference; lastKnownFileType = sourcecode.c.h; path = ViewController.h; sourceTree = "<group>"; };
		6943823B20B2ABF600B6F914 /* ViewController.m */ = {isa = PBXFileReference; lastKnownFileType = sourcecode.c.objc; path = ViewController.m; sourceTree = "<group>"; };
		6943823E20B2ABF600B6F914 /* Base */ = {isa = PBXFileReference; lastKnownFileType = file.storyboard; name = Base; path = Base.lproj/Main.storyboard; sourceTree = "<group>"; };
		6943824020B2ABF600B6F914 /* Assets.xcassets */ = {isa = PBXFileReference; lastKnownFileType = folder.assetcatalog; path = Assets.xcassets; sourceTree = "<group>"; };
		6943824320B2ABF600B6F914 /* Base */ = {isa = PBXFileReference; lastKnownFileType = file.storyboard; name = Base; path = Base.lproj/LaunchScreen.storyboard; sourceTree = "<group>"; };
		6943824520B2ABF600B6F914 /* Info.plist */ = {isa = PBXFileReference; lastKnownFileType = text.plist.xml; path = Info.plist; sourceTree = "<group>"; };
		6943824620B2ABF600B6F914 /* main.m */ = {isa = PBXFileReference; lastKnownFileType = sourcecode.c.objc; path = main.m; sourceTree = "<group>"; };
		6943824D20B2AC2B00B6F914 /* PieChartView.h */ = {isa = PBXFileReference; lastKnownFileType = sourcecode.c.h; path = PieChartView.h; sourceTree = "<group>"; };
		6943824E20B2AC2B00B6F914 /* PieChartView.m */ = {isa = PBXFileReference; lastKnownFileType = sourcecode.c.objc; path = PieChartView.m; sourceTree = "<group>"; };
		6943825320B2B53000B6F914 /* CurveModel.h */ = {isa = PBXFileReference; lastKnownFileType = sourcecode.c.h; path = CurveModel.h; sourceTree = "<group>"; };
		6943825420B2B53000B6F914 /* CurveModel.m */ = {isa = PBXFileReference; lastKnownFileType = sourcecode.c.objc; path = CurveModel.m; sourceTree = "<group>"; };
		69B4A66120C0F4AD007D3E92 /* CommonUse.h */ = {isa = PBXFileReference; lastKnownFileType = sourcecode.c.h; path = CommonUse.h; sourceTree = "<group>"; };
		69B4A66220C0F4AD007D3E92 /* CommonUse.m */ = {isa = PBXFileReference; lastKnownFileType = sourcecode.c.objc; path = CommonUse.m; sourceTree = "<group>"; };
/* End PBXFileReference section */

/* Begin PBXFrameworksBuildPhase section */
		6943823120B2ABF600B6F914 /* Frameworks */ = {
			isa = PBXFrameworksBuildPhase;
			buildActionMask = 2147483647;
			files = (
			);
			runOnlyForDeploymentPostprocessing = 0;
		};
/* End PBXFrameworksBuildPhase section */

/* Begin PBXGroup section */
		6943822B20B2ABF600B6F914 = {
			isa = PBXGroup;
			children = (
				6943823620B2ABF600B6F914 /* PieChart */,
				6943823520B2ABF600B6F914 /* Products */,
			);
			sourceTree = "<group>";
		};
		6943823520B2ABF600B6F914 /* Products */ = {
			isa = PBXGroup;
			children = (
				6943823420B2ABF600B6F914 /* PieChart.app */,
			);
			name = Products;
			sourceTree = "<group>";
		};
		6943823620B2ABF600B6F914 /* PieChart */ = {
			isa = PBXGroup;
			children = (
				6943824D20B2AC2B00B6F914 /* PieChartView.h */,
				6943824E20B2AC2B00B6F914 /* PieChartView.m */,
				6943823720B2ABF600B6F914 /* AppDelegate.h */,
				6943823820B2ABF600B6F914 /* AppDelegate.m */,
				6943823A20B2ABF600B6F914 /* ViewController.h */,
				6943823B20B2ABF600B6F914 /* ViewController.m */,
				6943823D20B2ABF600B6F914 /* Main.storyboard */,
				6943824020B2ABF600B6F914 /* Assets.xcassets */,
				6943824220B2ABF600B6F914 /* LaunchScreen.storyboard */,
				6943824520B2ABF600B6F914 /* Info.plist */,
				6943824620B2ABF600B6F914 /* main.m */,
				6943825320B2B53000B6F914 /* CurveModel.h */,
				6943825420B2B53000B6F914 /* CurveModel.m */,
				69B4A66120C0F4AD007D3E92 /* CommonUse.h */,
				69B4A66220C0F4AD007D3E92 /* CommonUse.m */,
			);
			path = PieChart;
			sourceTree = "<group>";
		};
/* End PBXGroup section */

/* Begin PBXNativeTarget section */
		6943823320B2ABF600B6F914 /* PieChart */ = {
			isa = PBXNativeTarget;
			buildConfigurationList = 6943824A20B2ABF600B6F914 /* Build configuration list for PBXNativeTarget "PieChart" */;
			buildPhases = (
				6943823020B2ABF600B6F914 /* Sources */,
				6943823120B2ABF600B6F914 /* Frameworks */,
				6943823220B2ABF600B6F914 /* Resources */,
			);
			buildRules = (
			);
			dependencies = (
			);
			name = PieChart;
			productName = PieChart;
			productReference = 6943823420B2ABF600B6F914 /* PieChart.app */;
			productType = "com.apple.product-type.application";
		};
/* End PBXNativeTarget section */

/* Begin PBXProject section */
		6943822C20B2ABF600B6F914 /* Project object */ = {
			isa = PBXProject;
			attributes = {
				LastUpgradeCheck = 0920;
				ORGANIZATIONNAME = ChangeStrong;
				TargetAttributes = {
					6943823320B2ABF600B6F914 = {
						CreatedOnToolsVersion = 9.2;
						ProvisioningStyle = Automatic;
					};
				};
			};
			buildConfigurationList = 6943822F20B2ABF600B6F914 /* Build configuration list for PBXProject "PieChart" */;
			compatibilityVersion = "Xcode 8.0";
			developmentRegion = en;
			hasScannedForEncodings = 0;
			knownRegions = (
				en,
				Base,
			);
			mainGroup = 6943822B20B2ABF600B6F914;
			productRefGroup = 6943823520B2ABF600B6F914 /* Products */;
			projectDirPath = "";
			projectRoot = "";
			targets = (
				6943823320B2ABF600B6F914 /* PieChart */,
			);
		};
/* End PBXProject section */

/* Begin PBXResourcesBuildPhase section */
		6943823220B2ABF600B6F914 /* Resources */ = {
			isa = PBXResourcesBuildPhase;
			buildActionMask = 2147483647;
			files = (
				6943824420B2ABF600B6F914 /* LaunchScreen.storyboard in Resources */,
				6943824120B2ABF600B6F914 /* Assets.xcassets in Resources */,
				6943823F20B2ABF600B6F914 /* Main.storyboard in Resources */,
			);
			runOnlyForDeploymentPostprocessing = 0;
		};
/* End PBXResourcesBuildPhase section */

/* Begin PBXSourcesBuildPhase section */
		6943823020B2ABF600B6F914 /* Sources */ = {
			isa = PBXSourcesBuildPhase;
			buildActionMask = 2147483647;
			files = (
				69B4A66320C0F4AD007D3E92 /* CommonUse.m in Sources */,
				6943824F20B2AC2B00B6F914 /* PieChartView.m in Sources */,
				6943825520B2B53000B6F914 /* CurveModel.m in Sources */,
				6943823C20B2ABF600B6F914 /* ViewController.m in Sources */,
				6943824720B2ABF600B6F914 /* main.m in Sources */,
				6943823920B2ABF600B6F914 /* AppDelegate.m in Sources */,
			);
			runOnlyForDeploymentPostprocessing = 0;
		};
/* End PBXSourcesBuildPhase section */

/* Begin PBXVariantGroup section */
		6943823D20B2ABF600B6F914 /* Main.storyboard */ = {
			isa = PBXVariantGroup;
			children = (
				6943823E20B2ABF600B6F914 /* Base */,
			);
			name = Main.storyboard;
			sourceTree = "<group>";
		};
		6943824220B2ABF600B6F914 /* LaunchScreen.storyboard */ = {
			isa = PBXVariantGroup;
			children = (
				6943824320B2ABF600B6F914 /* Base */,
			);
			name = LaunchScreen.storyboard;
			sourceTree = "<group>";
		};
/* End PBXVariantGroup section */

/* Begin XCBuildConfiguration section */
		6943824820B2ABF600B6F914 /* Debug */ = {
			isa = XCBuildConfiguration;
			buildSettings = {
				ALWAYS_SEARCH_USER_PATHS = NO;
				CLANG_ANALYZER_NONNULL = YES;
				CLANG_ANALYZER_NUMBER_OBJECT_CONVERSION = YES_AGGRESSIVE;
				CLANG_CXX_LANGUAGE_STANDARD = "gnu++14";
				CLANG_CXX_LIBRARY = "libc++";
				CLANG_ENABLE_MODULES = YES;
				CLANG_ENABLE_OBJC_ARC = YES;
				CLANG_WARN_BLOCK_CAPTURE_AUTORELEASING = YES;
				CLANG_WARN_BOOL_CONVERSION = YES;
				CLANG_WARN_COMMA = YES;
				CLANG_WARN_CONSTANT_CONVERSION = YES;
				CLANG_WARN_DIRECT_OBJC_ISA_USAGE = YES_ERROR;
				CLANG_WARN_DOCUMENTATION_COMMENTS = YES;
				CLANG_WARN_EMPTY_BODY = YES;
				CLANG_WARN_ENUM_CONVERSION = YES;
				CLANG_WARN_INFINITE_RECURSION = YES;
				CLANG_WARN_INT_CONVERSION = YES;
				CLANG_WARN_NON_LITERAL_NULL_CONVERSION = YES;
				CLANG_WARN_OBJC_LITERAL_CONVERSION = YES;
				CLANG_WARN_OBJC_ROOT_CLASS = YES_ERROR;
				CLANG_WARN_RANGE_LOOP_ANALYSIS = YES;
				CLANG_WARN_STRICT_PROTOTYPES = YES;
				CLANG_WARN_SUSPICIOUS_MOVE = YES;
				CLANG_WARN_UNGUARDED_AVAILABILITY = YES_AGGRESSIVE;
				CLANG_WARN_UNREACHABLE_CODE = YES;
				CLANG_WARN__DUPLICATE_METHOD_MATCH = YES;
				CODE_SIGN_IDENTITY = "iPhone Developer";
				COPY_PHASE_STRIP = NO;
				DEBUG_INFORMATION_FORMAT = dwarf;
				ENABLE_STRICT_OBJC_MSGSEND = YES;
				ENABLE_TESTABILITY = YES;
				GCC_C_LANGUAGE_STANDARD = gnu11;
				GCC_DYNAMIC_NO_PIC = NO;
				GCC_NO_COMMON_BLOCKS = YES;
				GCC_OPTIMIZATION_LEVEL = 0;
				GCC_PREPROCESSOR_DEFINITIONS = (
					"DEBUG=1",
					"$(inherited)",
				);
				GCC_WARN_64_TO_32_BIT_CONVERSION = YES;
				GCC_WARN_ABOUT_RETURN_TYPE = YES_ERROR;
				GCC_WARN_UNDECLARED_SELECTOR = YES;
				GCC_WARN_UNINITIALIZED_AUTOS = YES_AGGRESSIVE;
				GCC_WARN_UNUSED_FUNCTION = YES;
				GCC_WARN_UNUSED_VARIABLE = YES;
				IPHONEOS_DEPLOYMENT_TARGET = 11.2;
				MTL_ENABLE_DEBUG_INFO = YES;
				ONLY_ACTIVE_ARCH = YES;
				SDKROOT = iphoneos;
			};
			name = Debug;
		};
		6943824920B2ABF600B6F914 /* Release */ = {
			isa = XCBuildConfiguration;
			buildSettings = {
				ALWAYS_SEARCH_USER_PATHS = NO;
				CLANG_ANALYZER_NONNULL = YES;
				CLANG_ANALYZER_NUMBER_OBJECT_CONVERSION = YES_AGGRESSIVE;
				CLANG_CXX_LANGUAGE_STANDARD = "gnu++14";
				CLANG_CXX_LIBRARY = "libc++";
				CLANG_ENABLE_MODULES = YES;
				CLANG_ENABLE_OBJC_ARC = YES;
				CLANG_WARN_BLOCK_CAPTURE_AUTORELEASING = YES;
				CLANG_WARN_BOOL_CONVERSION = YES;
				CLANG_WARN_COMMA = YES;
				CLANG_WARN_CONSTANT_CONVERSION = YES;
				CLANG_WARN_DIRECT_OBJC_ISA_USAGE = YES_ERROR;
				CLANG_WARN_DOCUMENTATION_COMMENTS = YES;
				CLANG_WARN_EMPTY_BODY = YES;
				CLANG_WARN_ENUM_CONVERSION = YES;
				CLANG_WARN_INFINITE_RECURSION = YES;
				CLANG_WARN_INT_CONVERSION = YES;
				CLANG_WARN_NON_LITERAL_NULL_CONVERSION = YES;
				CLANG_WARN_OBJC_LITERAL_CONVERSION = YES;
				CLANG_WARN_OBJC_ROOT_CLASS = YES_ERROR;
				CLANG_WARN_RANGE_LOOP_ANALYSIS = YES;
				CLANG_WARN_STRICT_PROTOTYPES = YES;
				CLANG_WARN_SUSPICIOUS_MOVE = YES;
				CLANG_WARN_UNGUARDED_AVAILABILITY = YES_AGGRESSIVE;
				CLANG_WARN_UNREACHABLE_CODE = YES;
				CLANG_WARN__DUPLICATE_METHOD_MATCH = YES;
				CODE_SIGN_IDENTITY = "iPhone Developer";
				COPY_PHASE_STRIP = NO;
				DEBUG_INFORMATION_FORMAT = "dwarf-with-dsym";
				ENABLE_NS_ASSERTIONS = NO;
				ENABLE_STRICT_OBJC_MSGSEND = YES;
				GCC_C_LANGUAGE_STANDARD = gnu11;
				GCC_NO_COMMON_BLOCKS = YES;
				GCC_WARN_64_TO_32_BIT_CONVERSION = YES;
				GCC_WARN_ABOUT_RETURN_TYPE = YES_ERROR;
				GCC_WARN_UNDECLARED_SELECTOR = YES;
				GCC_WARN_UNINITIALIZED_AUTOS = YES_AGGRESSIVE;
				GCC_WARN_UNUSED_FUNCTION = YES;
				GCC_WARN_UNUSED_VARIABLE = YES;
				IPHONEOS_DEPLOYMENT_TARGET = 11.2;
				MTL_ENABLE_DEBUG_INFO = NO;
				SDKROOT = iphoneos;
				VALIDATE_PRODUCT = YES;
			};
			name = Release;
		};
		6943824B20B2ABF600B6F914 /* Debug */ = {
			isa = XCBuildConfiguration;
			buildSettings = {
				ASSETCATALOG_COMPILER_APPICON_NAME = AppIcon;
				CODE_SIGN_STYLE = Automatic;
				INFOPLIST_FILE = PieChart/Info.plist;
				LD_RUNPATH_SEARCH_PATHS = "$(inherited) @executable_path/Frameworks";
				PRODUCT_BUNDLE_IDENTIFIER = Change.Strong.PieChart;
				PRODUCT_NAME = "$(TARGET_NAME)";
				TARGETED_DEVICE_FAMILY = "1,2";
			};
			name = Debug;
		};
		6943824C20B2ABF600B6F914 /* Release */ = {
			isa = XCBuildConfiguration;
			buildSettings = {
				ASSETCATALOG_COMPILER_APPICON_NAME = AppIcon;
				CODE_SIGN_STYLE = Automatic;
				INFOPLIST_FILE = PieChart/Info.plist;
				LD_RUNPATH_SEARCH_PATHS = "$(inherited) @executable_path/Frameworks";
				PRODUCT_BUNDLE_IDENTIFIER = Change.Strong.PieChart;
				PRODUCT_NAME = "$(TARGET_NAME)";
				TARGETED_DEVICE_FAMILY = "1,2";
			};
			name = Release;
		};
/* End XCBuildConfiguration section */

/* Begin XCConfigurationList section */
		6943822F20B2ABF600B6F914 /* Build configuration list for PBXProject "PieChart" */ = {
			isa = XCConfigurationList;
			buildConfigurations = (
				6943824820B2ABF600B6F914 /* Debug */,
				6943824920B2ABF600B6F914 /* Release */,
			);
			defaultConfigurationIsVisible = 0;
			defaultConfigurationName = Release;
		};
		6943824A20B2ABF600B6F914 /* Build configuration list for PBXNativeTarget "PieChart" */ = {
			isa = XCConfigurationList;
			buildConfigurations = (
				6943824B20B2ABF600B6F914 /* Debug */,
				6943824C20B2ABF600B6F914 /* Release */,
			);
			defaultConfigurationIsVisible = 0;
			defaultConfigurationName = Release;
		};
/* End XCConfigurationList section */
	};
	rootObject = 6943822C20B2ABF600B6F914 /* Project object */;
}
